
Microsoft Visual Studio Solution File, Format Version 12.00
# Visual Studio Version 17
VisualStudioVersion = 17.0.31903.59
MinimumVisualStudioVersion = 10.0.40219.1
Project("{2150E333-8FDC-42A3-9474-1A3956D46DE8}") = "src", "src", "{827E0CD3-B72D-47B6-A68D-7590B98EB39B}"
EndProject
Project("{FAE04EC0-301F-11D3-BF4B-00C04F79EFBC}") = "OpenSP", "src\OpenSP\OpenSP.csproj", "{D6E28525-04F6-436A-B198-32AE644ED2C5}"
EndProject
Project("{FAE04EC0-301F-11D3-BF4B-00C04F79EFBC}") = "Nsgmls", "src\Nsgmls\Nsgmls.csproj", "{993723E1-E83B-43E3-B9D2-7261F7FE9173}"
EndProject
Project("{FAE04EC0-301F-11D3-BF4B-00C04F79EFBC}") = "OpenJade", "src\OpenJade\OpenJade.csproj", "{3D1D0BFD-A608-4C55-BCD2-088CE4F1459D}"
EndProject
Global
	GlobalSection(SolutionConfigurationPlatforms) = preSolution
		Debug|Any CPU = Debug|Any CPU
		Debug|x64 = Debug|x64
		Debug|x86 = Debug|x86
		Release|Any CPU = Release|Any CPU
		Release|x64 = Release|x64
		Release|x86 = Release|x86
	EndGlobalSection
	GlobalSection(ProjectConfigurationPlatforms) = postSolution
		{D6E28525-04F6-436A-B198-32AE644ED2C5}.Debug|Any CPU.ActiveCfg = Debug|Any CPU
		{D6E28525-04F6-436A-B198-32AE644ED2C5}.Debug|Any CPU.Build.0 = Debug|Any CPU
		{D6E28525-04F6-436A-B198-32AE644ED2C5}.Debug|x64.ActiveCfg = Debug|Any CPU
		{D6E28525-04F6-436A-B198-32AE644ED2C5}.Debug|x64.Build.0 = Debug|Any CPU
		{D6E28525-04F6-436A-B198-32AE644ED2C5}.Debug|x86.ActiveCfg = Debug|Any CPU
		{D6E28525-04F6-436A-B198-32AE644ED2C5}.Debug|x86.Build.0 = Debug|Any CPU
		{D6E28525-04F6-436A-B198-32AE644ED2C5}.Release|Any CPU.ActiveCfg = Release|Any CPU
		{D6E28525-04F6-436A-B198-32AE644ED2C5}.Release|Any CPU.Build.0 = Release|Any CPU
		{D6E28525-04F6-436A-B198-32AE644ED2C5}.Release|x64.ActiveCfg = Release|Any CPU
		{D6E28525-04F6-436A-B198-32AE644ED2C5}.Release|x64.Build.0 = Release|Any CPU
		{D6E28525-04F6-436A-B198-32AE644ED2C5}.Release|x86.ActiveCfg = Release|Any CPU
		{D6E28525-04F6-436A-B198-32AE644ED2C5}.Release|x86.Build.0 = Release|Any CPU
		{993723E1-E83B-43E3-B9D2-7261F7FE9173}.Debug|Any CPU.ActiveCfg = Debug|Any CPU
		{993723E1-E83B-43E3-B9D2-7261F7FE9173}.Debug|Any CPU.Build.0 = Debug|Any CPU
		{993723E1-E83B-43E3-B9D2-7261F7FE9173}.Debug|x64.ActiveCfg = Debug|Any CPU
		{993723E1-E83B-43E3-B9D2-7261F7FE9173}.Debug|x64.Build.0 = Debug|Any CPU
		{993723E1-E83B-43E3-B9D2-7261F7FE9173}.Debug|x86.ActiveCfg = Debug|Any CPU
		{993723E1-E83B-43E3-B9D2-7261F7FE9173}.Debug|x86.Build.0 = Debug|Any CPU
		{993723E1-E83B-43E3-B9D2-7261F7FE9173}.Release|Any CPU.ActiveCfg = Release|Any CPU
		{993723E1-E83B-43E3-B9D2-7261F7FE9173}.Release|Any CPU.Build.0 = Release|Any CPU
		{993723E1-E83B-43E3-B9D2-7261F7FE9173}.Release|x64.ActiveCfg = Release|Any CPU
		{993723E1-E83B-43E3-B9D2-7261F7FE9173}.Release|x64.Build.0 = Release|Any CPU
		{993723E1-E83B-43E3-B9D2-7261F7FE9173}.Release|x86.ActiveCfg = Release|Any CPU
		{993723E1-E83B-43E3-B9D2-7261F7FE9173}.Release|x86.Build.0 = Release|Any CPU
		{3D1D0BFD-A608-4C55-BCD2-088CE4F1459D}.Debug|Any CPU.ActiveCfg = Debug|Any CPU
		{3D1D0BFD-A608-4C55-BCD2-088CE4F1459D}.Debug|Any CPU.Build.0 = Debug|Any CPU
		{3D1D0BFD-A608-4C55-BCD2-088CE4F1459D}.Debug|x64.ActiveCfg = Debug|Any CPU
		{3D1D0BFD-A608-4C55-BCD2-088CE4F1459D}.Debug|x64.Build.0 = Debug|Any CPU
		{3D1D0BFD-A608-4C55-BCD2-088CE4F1459D}.Debug|x86.ActiveCfg = Debug|Any CPU
		{3D1D0BFD-A608-4C55-BCD2-088CE4F1459D}.Debug|x86.Build.0 = Debug|Any CPU
		{3D1D0BFD-A608-4C55-BCD2-088CE4F1459D}.Release|Any CPU.ActiveCfg = Release|Any CPU
		{3D1D0BFD-A608-4C55-BCD2-088CE4F1459D}.Release|Any CPU.Build.0 = Release|Any CPU
		{3D1D0BFD-A608-4C55-BCD2-088CE4F1459D}.Release|x64.ActiveCfg = Release|Any CPU
		{3D1D0BFD-A608-4C55-BCD2-088CE4F1459D}.Release|x64.Build.0 = Release|Any CPU
		{3D1D0BFD-A608-4C55-BCD2-088CE4F1459D}.Release|x86.ActiveCfg = Release|Any CPU
		{3D1D0BFD-A608-4C55-BCD2-088CE4F1459D}.Release|x86.Build.0 = Release|Any CPU
	EndGlobalSection
	GlobalSection(SolutionProperties) = preSolution
		HideSolutionNode = FALSE
	EndGlobalSection
	GlobalSection(NestedProjects) = preSolution
		{D6E28525-04F6-436A-B198-32AE644ED2C5} = {827E0CD3-B72D-47B6-A68D-7590B98EB39B}
		{993723E1-E83B-43E3-B9D2-7261F7FE9173} = {827E0CD3-B72D-47B6-A68D-7590B98EB39B}
		{3D1D0BFD-A608-4C55-BCD2-088CE4F1459D} = {827E0CD3-B72D-47B6-A68D-7590B98EB39B}
	EndGlobalSection
EndGlobal
